# This file is autogenerated, do not edit; changes may be undone by the next 'dep ensure'.


[[projects]]
  digest = "1:ffc060c551980d37ee9e428ef528ee2813137249ccebb0bfc412ef83071cac91"
  name = "github.com/golang/protobuf"
  packages = ["proto"]
  pruneopts = "UT"
  revision = "925541529c1fa6821df4e44ce2723319eb2be768"
  version = "v1.0.0"

[[projects]]
  digest = "1:16dd6b893b78a50564cdde1d9f7ea67224dece11bb0886bd882f1dc3dc1d440d"
  name = "github.com/k0kubun/pp"
  packages = ["."]
  pruneopts = "UT"
  revision = "027a6d1765d673d337e687394dbe780dd64e2a1e"
  version = "v2.3.0"

[[projects]]
  digest = "1:48717b1dc128fc991a7f222d217e8a8d730670559b7da19ae7d4710744ebe8ad"
  name = "github.com/davidji99/go-bitbucket"
  packages = ["."]
  pruneopts = "UT"
  revision = "1f1c5e77687102cc8f6baa9f79276178be6f0ea3"
  version = "v0.4.1"

[[projects]]
  digest = "1:c658e84ad3916da105a761660dcaeb01e63416c8ec7bc62256a9b411a05fcd67"
  name = "github.com/mattn/go-colorable"
  packages = ["."]
  pruneopts = "UT"
  revision = "167de6bfdfba052fa6b2d3664c8f5272e23c9072"
  version = "v0.0.9"

[[projects]]
  digest = "1:d4d17353dbd05cb52a2a52b7fe1771883b682806f68db442b436294926bbfafb"
  name = "github.com/mattn/go-isatty"
  packages = ["."]
  pruneopts = "UT"
  revision = "0360b2af4f38e8d38c7fce2a9f4e702702d73a39"
  version = "v0.0.3"

[[projects]]
  branch = "master"
  digest = "1:2514da1e59c0a936d8c1e0fbf5592267a3c5893eb4555ce767bb54d149e9cf6e"
  name = "github.com/mitchellh/mapstructure"
  packages = ["."]
  pruneopts = "UT"
  revision = "00c29f56e2386353d58c599509e8dc3801b0d716"

[[projects]]
  branch = "master"
  digest = "1:d6b719875cf8091fbab38527d81d34e71f4521b9ee9ccfbd4a32cff2ac5af96e"
  name = "golang.org/x/net"
  packages = [
    "context",
    "context/ctxhttp",
  ]
  pruneopts = "UT"
  revision = "cbe0f9307d0156177f9dd5dc85da1a31abc5f2fb"

[[projects]]
  branch = "master"
  digest = "1:3f9cee70745c9747eb89a9157836c061377a2b763ab41bbf7b2ee19a9635a0f8"
  name = "golang.org/x/oauth2"
  packages = [
    ".",
    "bitbucket",
    "clientcredentials",
    "internal",
  ]
  pruneopts = "UT"
  revision = "d7d64896b5ff88e703f289390e3e98cd010a837e"

[[projects]]
  branch = "master"
  digest = "1:ccc55fd70515e5474e7857c1ecd0c7b997d36e6d3c6369449d50ee12a675e5fb"
  name = "golang.org/x/sys"
  packages = ["unix"]
  pruneopts = "UT"
  revision = "f6cff0780e542efa0c8e864dc8fa522808f6a598"

[[projects]]
  digest = "1:9cf45e754ab2dff5f53a553e6948b994ff738e4d1092ca608dcada945d8be0ef"
  name = "google.golang.org/appengine"
  packages = [
    "internal",
    "internal/base",
    "internal/datastore",
    "internal/log",
    "internal/remote_api",
    "internal/urlfetch",
    "urlfetch",
  ]
  pruneopts = "UT"
  revision = "150dc57a1b433e64154302bdc40b6bb8aefa313a"
  version = "v1.0.0"

[solve-meta]
  analyzer-name = "dep"
  analyzer-version = 1
  input-imports = [
    "github.com/k0kubun/pp",
    "github.com/davidji99/go-bitbucket",
    "github.com/mitchellh/mapstructure",
    "golang.org/x/net/context",
    "golang.org/x/oauth2",
    "golang.org/x/oauth2/bitbucket",
    "golang.org/x/oauth2/clientcredentials",
  ]
  solver-name = "gps-cdcl"
  solver-version = 1
